{
  "name": "@vecdev/popup",
  "version": "0.1.0",
  "lockfileVersion": 3,
  "requires": true,
  "packages": {
    "": {
      "name": "@vecdev/popup",
      "version": "0.1.0",
      "license": "MIT",
      "dependencies": {
        "@vecdev/message-bridge": "^0.1.1",
        "dom-utils-light": "^1.1.1"
      }
    },
    "node_modules/@vecdev/message-bridge": {
      "version": "0.1.1",
      "resolved": "https://registry.npmjs.org/@vecdev/message-bridge/-/message-bridge-0.1.1.tgz",
      "integrity": "sha512-yYUNHUn/IcZU3DlGHTAUgQKS+mNx36HMIfzovr6bJLXxq6vrr5f8QCPTwbhkdNMDP5tnovzR3mblNsd9Tpa+Vw==",
      "license": "MIT"
    },
    "node_modules/dom-utils-light": {
      "version": "1.1.1",
      "resolved": "https://registry.npmjs.org/dom-utils-light/-/dom-utils-light-1.1.1.tgz",
      "integrity": "sha512-9g3RKUflc6KE0meafhCinF7yGfvmcd9Awg1M/wFQRCm335iBwC6hZDi0f7w23XwEej4qNV8dWbudmkNJ4uYguA==",
      "license": "MIT"
    }
  }
}
